
Microsoft Visual Studio Solution File, Format Version 12.00
# Visual Studio Version 16
VisualStudioVersion = 16.0.29326.143
MinimumVisualStudioVersion = 10.0.40219.1
Project("{FAE04EC0-301F-11D3-BF4B-00C04F79EFBC}") = "4_5_Exercise-Stack", "4_5_Exercise-Stack\4_5_Exercise-Stack.csproj", "{7C799A1D-4972-4EA2-B583-DED1595335B1}"
EndProject
Global
	GlobalSection(SolutionConfigurationPlatforms) = preSolution
		Debug|Any CPU = Debug|Any CPU
		Release|Any CPU = Release|Any CPU
	EndGlobalSection
	GlobalSection(ProjectConfigurationPlatforms) = postSolution
		{7C799A1D-4972-4EA2-B583-DED1595335B1}.Debug|Any CPU.ActiveCfg = Debug|Any CPU
		{7C799A1D-4972-4EA2-B583-DED1595335B1}.Debug|Any CPU.Build.0 = Debug|Any CPU
		{7C799A1D-4972-4EA2-B583-DED1595335B1}.Release|Any CPU.ActiveCfg = Release|Any CPU
		{7C799A1D-4972-4EA2-B583-DED1595335B1}.Release|Any CPU.Build.0 = Release|Any CPU
	EndGlobalSection
	GlobalSection(SolutionProperties) = preSolution
		HideSolutionNode = FALSE
	EndGlobalSection
	GlobalSection(ExtensibilityGlobals) = postSolution
		SolutionGuid = {97596A26-7745-4267-B85D-756B96589A5E}
	EndGlobalSection
EndGlobal
